// !$*UTF8*$!
{
	archiveVersion = 1;
	classes = {
	};
	objectVersion = 55;
	objects = {

/* Begin PBXBuildFile section */
		660D8A1927D24A12008FF847 /* NYBestWidget.intentdefinition in Sources */ = {isa = PBXBuildFile; fileRef = 661DD85227CAD2140098B6C6 /* NYBestWidget.intentdefinition */; };
		660D8A1B27D24BF7008FF847 /* BooksModel.swift in Sources */ = {isa = PBXBuildFile; fileRef = 66604EFC27B8B37B00979B0F /* BooksModel.swift */; };
		660D8A1C27D24C05008FF847 /* NYTBooksAPI.swift in Sources */ = {isa = PBXBuildFile; fileRef = 66604EFA27B8AC2A00979B0F /* NYTBooksAPI.swift */; };
		6616DAB527D40C4500684044 /* ImageCache.swift in Sources */ = {isa = PBXBuildFile; fileRef = 665092FC27C165FD00D867B9 /* ImageCache.swift */; };
		6616DAB927D4291000684044 /* app.plist in Resources */ = {isa = PBXBuildFile; fileRef = 6616DAB827D4291000684044 /* app.plist */; };
		6616DABA27D4291000684044 /* app.plist in Resources */ = {isa = PBXBuildFile; fileRef = 6616DAB827D4291000684044 /* app.plist */; };
		6616DABB27D4291000684044 /* app.plist in Resources */ = {isa = PBXBuildFile; fileRef = 6616DAB827D4291000684044 /* app.plist */; };
		6616DABD27D42B0E00684044 /* .gitignore in Resources */ = {isa = PBXBuildFile; fileRef = 6616DABC27D42B0E00684044 /* .gitignore */; };
		6616DABE27D42B0E00684044 /* .gitignore in Resources */ = {isa = PBXBuildFile; fileRef = 6616DABC27D42B0E00684044 /* .gitignore */; };
		6616DABF27D42B0E00684044 /* .gitignore in Resources */ = {isa = PBXBuildFile; fileRef = 6616DABC27D42B0E00684044 /* .gitignore */; };
		661DD84C27CAD2140098B6C6 /* WidgetKit.framework in Frameworks */ = {isa = PBXBuildFile; fileRef = 661DD84B27CAD2140098B6C6 /* WidgetKit.framework */; };
		661DD84E27CAD2140098B6C6 /* SwiftUI.framework in Frameworks */ = {isa = PBXBuildFile; fileRef = 661DD84D27CAD2140098B6C6 /* SwiftUI.framework */; };
		661DD85127CAD2140098B6C6 /* NYBestWidget.swift in Sources */ = {isa = PBXBuildFile; fileRef = 661DD85027CAD2140098B6C6 /* NYBestWidget.swift */; };
		661DD85427CAD2150098B6C6 /* Assets.xcassets in Resources */ = {isa = PBXBuildFile; fileRef = 661DD85327CAD2150098B6C6 /* Assets.xcassets */; };
		661DD85627CAD2150098B6C6 /* NYBestWidget.intentdefinition in Sources */ = {isa = PBXBuildFile; fileRef = 661DD85227CAD2140098B6C6 /* NYBestWidget.intentdefinition */; };
		661DD85727CAD2150098B6C6 /* NYBestWidget.intentdefinition in Sources */ = {isa = PBXBuildFile; fileRef = 661DD85227CAD2140098B6C6 /* NYBestWidget.intentdefinition */; };
		661DD85A27CAD2150098B6C6 /* NYBestWidgetExtension.appex in Embed App Extensions */ = {isa = PBXBuildFile; fileRef = 661DD84927CAD2140098B6C6 /* NYBestWidgetExtension.appex */; settings = {ATTRIBUTES = (RemoveHeadersOnCopy, ); }; };
		661DD85F27CAD42D0098B6C6 /* BooksModel.swift in Sources */ = {isa = PBXBuildFile; fileRef = 66604EFC27B8B37B00979B0F /* BooksModel.swift */; };
		6649B6E727D40B6B00E6973E /* ImageCache.swift in Sources */ = {isa = PBXBuildFile; fileRef = 665092FC27C165FD00D867B9 /* ImageCache.swift */; };
		665092F627C1511B00D867B9 /* BookView.swift in Sources */ = {isa = PBXBuildFile; fileRef = 665092F527C1511B00D867B9 /* BookView.swift */; };
		665092F827C1552900D867B9 /* AsyncImageView.swift in Sources */ = {isa = PBXBuildFile; fileRef = 665092F727C1552900D867B9 /* AsyncImageView.swift */; };
		665092FD27C165FD00D867B9 /* ImageCache.swift in Sources */ = {isa = PBXBuildFile; fileRef = 665092FC27C165FD00D867B9 /* ImageCache.swift */; };
		6650930127C18AE300D867B9 /* BookListHeaderView.swift in Sources */ = {isa = PBXBuildFile; fileRef = 6650930027C18AE300D867B9 /* BookListHeaderView.swift */; };
		6650930327C271CD00D867B9 /* BookNavigationViewController.swift in Sources */ = {isa = PBXBuildFile; fileRef = 6650930227C271CD00D867B9 /* BookNavigationViewController.swift */; };
		66604EF927B8ABE400979B0F /* BooksViewModel.swift in Sources */ = {isa = PBXBuildFile; fileRef = 66604EF827B8ABE400979B0F /* BooksViewModel.swift */; };
		66604EFB27B8AC2A00979B0F /* NYTBooksAPI.swift in Sources */ = {isa = PBXBuildFile; fileRef = 66604EFA27B8AC2A00979B0F /* NYTBooksAPI.swift */; };
		66604EFD27B8B37B00979B0F /* BooksModel.swift in Sources */ = {isa = PBXBuildFile; fileRef = 66604EFC27B8B37B00979B0F /* BooksModel.swift */; };
		66604F0227B961FB00979B0F /* GenreView.swift in Sources */ = {isa = PBXBuildFile; fileRef = 66604F0127B961FB00979B0F /* GenreView.swift */; };
		667F309927B88494004B9294 /* AppDelegate.swift in Sources */ = {isa = PBXBuildFile; fileRef = 667F309827B88494004B9294 /* AppDelegate.swift */; };
		667F309B27B88494004B9294 /* SceneDelegate.swift in Sources */ = {isa = PBXBuildFile; fileRef = 667F309A27B88494004B9294 /* SceneDelegate.swift */; };
		667F30A227B88496004B9294 /* Assets.xcassets in Resources */ = {isa = PBXBuildFile; fileRef = 667F30A127B88496004B9294 /* Assets.xcassets */; };
		667F30A527B88496004B9294 /* LaunchScreen.storyboard in Resources */ = {isa = PBXBuildFile; fileRef = 667F30A327B88496004B9294 /* LaunchScreen.storyboard */; };
		6684A84A27D9765C00CDA6CE /* NYBestTests.swift in Sources */ = {isa = PBXBuildFile; fileRef = 6684A84927D9765C00CDA6CE /* NYBestTests.swift */; };
		66A4331C27C40B8F00E00915 /* BookDetailViewController.swift in Sources */ = {isa = PBXBuildFile; fileRef = 66A4331B27C40B8F00E00915 /* BookDetailViewController.swift */; };
		66A4331F27C41BB000E00915 /* UIFont.swift in Sources */ = {isa = PBXBuildFile; fileRef = 66A4331E27C41BB000E00915 /* UIFont.swift */; };
		66A4332127C41DC600E00915 /* AttributeStackView.swift in Sources */ = {isa = PBXBuildFile; fileRef = 66A4332027C41DC600E00915 /* AttributeStackView.swift */; };
		66A4332327C4226A00E00915 /* RankView.swift in Sources */ = {isa = PBXBuildFile; fileRef = 66A4332227C4226A00E00915 /* RankView.swift */; };
		66A4332527C47A9D00E00915 /* StoreButtonStackView.swift in Sources */ = {isa = PBXBuildFile; fileRef = 66A4332427C47A9D00E00915 /* StoreButtonStackView.swift */; };
		66BF228E27B8962E00B52410 /* BooksViewController.swift in Sources */ = {isa = PBXBuildFile; fileRef = 66BF228D27B8962E00B52410 /* BooksViewController.swift */; };
		66D12F0727D1CEC200E64B76 /* NYTBooksAPI.swift in Sources */ = {isa = PBXBuildFile; fileRef = 66604EFA27B8AC2A00979B0F /* NYTBooksAPI.swift */; };
		66D12F1E27D2482D00E64B76 /* Intents.framework in Frameworks */ = {isa = PBXBuildFile; fileRef = 66D12F0D27D2477900E64B76 /* Intents.framework */; };
		66D12F2127D2482D00E64B76 /* IntentHandler.swift in Sources */ = {isa = PBXBuildFile; fileRef = 66D12F2027D2482D00E64B76 /* IntentHandler.swift */; };
		66D12F2527D2482D00E64B76 /* NYBestWidgetIntentExtension.appex in Embed App Extensions */ = {isa = PBXBuildFile; fileRef = 66D12F1D27D2482D00E64B76 /* NYBestWidgetIntentExtension.appex */; settings = {ATTRIBUTES = (RemoveHeadersOnCopy, ); }; };
		66D78E6D27D2500A00C5DE78 /* NYBestWidget.swift in Sources */ = {isa = PBXBuildFile; fileRef = 661DD85027CAD2140098B6C6 /* NYBestWidget.swift */; };
/* End PBXBuildFile section */

/* Begin PBXContainerItemProxy section */
		661DD85827CAD2150098B6C6 /* PBXContainerItemProxy */ = {
			isa = PBXContainerItemProxy;
			containerPortal = 667F308D27B88494004B9294 /* Project object */;
			proxyType = 1;
			remoteGlobalIDString = 661DD84827CAD2140098B6C6;
			remoteInfo = NYBestWidgetExtension;
		};
		6684A84B27D9765C00CDA6CE /* PBXContainerItemProxy */ = {
			isa = PBXContainerItemProxy;
			containerPortal = 667F308D27B88494004B9294 /* Project object */;
			proxyType = 1;
			remoteGlobalIDString = 667F309427B88494004B9294;
			remoteInfo = NYBest;
		};
		66D12F2327D2482D00E64B76 /* PBXContainerItemProxy */ = {
			isa = PBXContainerItemProxy;
			containerPortal = 667F308D27B88494004B9294 /* Project object */;
			proxyType = 1;
			remoteGlobalIDString = 66D12F1C27D2482D00E64B76;
			remoteInfo = NYBestWidgetIntentExtension;
		};
/* End PBXContainerItemProxy section */

/* Begin PBXCopyFilesBuildPhase section */
		661DD85B27CAD2150098B6C6 /* Embed App Extensions */ = {
			isa = PBXCopyFilesBuildPhase;
			buildActionMask = 2147483647;
			dstPath = "";
			dstSubfolderSpec = 13;
			files = (
				661DD85A27CAD2150098B6C6 /* NYBestWidgetExtension.appex in Embed App Extensions */,
				66D12F2527D2482D00E64B76 /* NYBestWidgetIntentExtension.appex in Embed App Extensions */,
			);
			name = "Embed App Extensions";
			runOnlyForDeploymentPostprocessing = 0;
		};
/* End PBXCopyFilesBuildPhase section */

/* Begin PBXFileReference section */
		6616DAB627D4227600684044 /* README.md */ = {isa = PBXFileReference; lastKnownFileType = net.daringfireball.markdown; path = README.md; sourceTree = "<group>"; };
		6616DAB827D4291000684044 /* app.plist */ = {isa = PBXFileReference; lastKnownFileType = text.plist.xml; path = app.plist; sourceTree = "<group>"; };
		6616DABC27D42B0E00684044 /* .gitignore */ = {isa = PBXFileReference; lastKnownFileType = text; path = .gitignore; sourceTree = "<group>"; };
		661DD84927CAD2140098B6C6 /* NYBestWidgetExtension.appex */ = {isa = PBXFileReference; explicitFileType = "wrapper.app-extension"; includeInIndex = 0; path = NYBestWidgetExtension.appex; sourceTree = BUILT_PRODUCTS_DIR; };
		661DD84B27CAD2140098B6C6 /* WidgetKit.framework */ = {isa = PBXFileReference; lastKnownFileType = wrapper.framework; name = WidgetKit.framework; path = System/Library/Frameworks/WidgetKit.framework; sourceTree = SDKROOT; };
		661DD84D27CAD2140098B6C6 /* SwiftUI.framework */ = {isa = PBXFileReference; lastKnownFileType = wrapper.framework; name = SwiftUI.framework; path = System/Library/Frameworks/SwiftUI.framework; sourceTree = SDKROOT; };
		661DD85027CAD2140098B6C6 /* NYBestWidget.swift */ = {isa = PBXFileReference; lastKnownFileType = sourcecode.swift; path = NYBestWidget.swift; sourceTree = "<group>"; };
		661DD85227CAD2140098B6C6 /* NYBestWidget.intentdefinition */ = {isa = PBXFileReference; lastKnownFileType = file.intentdefinition; path = NYBestWidget.intentdefinition; sourceTree = "<group>"; };
		661DD85327CAD2150098B6C6 /* Assets.xcassets */ = {isa = PBXFileReference; lastKnownFileType = folder.assetcatalog; path = Assets.xcassets; sourceTree = "<group>"; };
		661DD85527CAD2150098B6C6 /* Info.plist */ = {isa = PBXFileReference; lastKnownFileType = text.plist.xml; path = Info.plist; sourceTree = "<group>"; };
		665092F527C1511B00D867B9 /* BookView.swift */ = {isa = PBXFileReference; lastKnownFileType = sourcecode.swift; path = BookView.swift; sourceTree = "<group>"; };
		665092F727C1552900D867B9 /* AsyncImageView.swift */ = {isa = PBXFileReference; lastKnownFileType = sourcecode.swift; path = AsyncImageView.swift; sourceTree = "<group>"; };
		665092FC27C165FD00D867B9 /* ImageCache.swift */ = {isa = PBXFileReference; lastKnownFileType = sourcecode.swift; path = ImageCache.swift; sourceTree = "<group>"; };
		6650930027C18AE300D867B9 /* BookListHeaderView.swift */ = {isa = PBXFileReference; lastKnownFileType = sourcecode.swift; path = BookListHeaderView.swift; sourceTree = "<group>"; };
		6650930227C271CD00D867B9 /* BookNavigationViewController.swift */ = {isa = PBXFileReference; lastKnownFileType = sourcecode.swift; path = BookNavigationViewController.swift; sourceTree = "<group>"; };
		66604EF827B8ABE400979B0F /* BooksViewModel.swift */ = {isa = PBXFileReference; lastKnownFileType = sourcecode.swift; path = BooksViewModel.swift; sourceTree = "<group>"; };
		66604EFA27B8AC2A00979B0F /* NYTBooksAPI.swift */ = {isa = PBXFileReference; lastKnownFileType = sourcecode.swift; path = NYTBooksAPI.swift; sourceTree = "<group>"; };
		66604EFC27B8B37B00979B0F /* BooksModel.swift */ = {isa = PBXFileReference; lastKnownFileType = sourcecode.swift; path = BooksModel.swift; sourceTree = "<group>"; };
		66604F0127B961FB00979B0F /* GenreView.swift */ = {isa = PBXFileReference; lastKnownFileType = sourcecode.swift; path = GenreView.swift; sourceTree = "<group>"; };
		667F309527B88494004B9294 /* NYBest.app */ = {isa = PBXFileReference; explicitFileType = wrapper.application; includeInIndex = 0; path = NYBest.app; sourceTree = BUILT_PRODUCTS_DIR; };
		667F309827B88494004B9294 /* AppDelegate.swift */ = {isa = PBXFileReference; lastKnownFileType = sourcecode.swift; path = AppDelegate.swift; sourceTree = "<group>"; };
		667F309A27B88494004B9294 /* SceneDelegate.swift */ = {isa = PBXFileReference; lastKnownFileType = sourcecode.swift; path = SceneDelegate.swift; sourceTree = "<group>"; };
		667F30A127B88496004B9294 /* Assets.xcassets */ = {isa = PBXFileReference; lastKnownFileType = folder.assetcatalog; path = Assets.xcassets; sourceTree = "<group>"; };
		667F30A427B88496004B9294 /* Base */ = {isa = PBXFileReference; lastKnownFileType = file.storyboard; name = Base; path = Base.lproj/LaunchScreen.storyboard; sourceTree = "<group>"; };
		6684A84727D9765C00CDA6CE /* NYBestTests.xctest */ = {isa = PBXFileReference; explicitFileType = wrapper.cfbundle; includeInIndex = 0; path = NYBestTests.xctest; sourceTree = BUILT_PRODUCTS_DIR; };
		6684A84927D9765C00CDA6CE /* NYBestTests.swift */ = {isa = PBXFileReference; lastKnownFileType = sourcecode.swift; path = NYBestTests.swift; sourceTree = "<group>"; };
		668CEA9B27B8A4B100293264 /* Info.plist */ = {isa = PBXFileReference; fileEncoding = 4; lastKnownFileType = text.plist.xml; path = Info.plist; sourceTree = "<group>"; };
		66A4331B27C40B8F00E00915 /* BookDetailViewController.swift */ = {isa = PBXFileReference; lastKnownFileType = sourcecode.swift; path = BookDetailViewController.swift; sourceTree = "<group>"; };
		66A4331E27C41BB000E00915 /* UIFont.swift */ = {isa = PBXFileReference; lastKnownFileType = sourcecode.swift; path = UIFont.swift; sourceTree = "<group>"; };
		66A4332027C41DC600E00915 /* AttributeStackView.swift */ = {isa = PBXFileReference; lastKnownFileType = sourcecode.swift; path = AttributeStackView.swift; sourceTree = "<group>"; };
		66A4332227C4226A00E00915 /* RankView.swift */ = {isa = PBXFileReference; lastKnownFileType = sourcecode.swift; path = RankView.swift; sourceTree = "<group>"; };
		66A4332427C47A9D00E00915 /* StoreButtonStackView.swift */ = {isa = PBXFileReference; lastKnownFileType = sourcecode.swift; path = StoreButtonStackView.swift; sourceTree = "<group>"; };
		66BF228D27B8962E00B52410 /* BooksViewController.swift */ = {isa = PBXFileReference; lastKnownFileType = sourcecode.swift; path = BooksViewController.swift; sourceTree = "<group>"; };
		66D12F0D27D2477900E64B76 /* Intents.framework */ = {isa = PBXFileReference; lastKnownFileType = wrapper.framework; name = Intents.framework; path = System/Library/Frameworks/Intents.framework; sourceTree = SDKROOT; };
		66D12F1D27D2482D00E64B76 /* NYBestWidgetIntentExtension.appex */ = {isa = PBXFileReference; explicitFileType = "wrapper.app-extension"; includeInIndex = 0; path = NYBestWidgetIntentExtension.appex; sourceTree = BUILT_PRODUCTS_DIR; };
		66D12F2027D2482D00E64B76 /* IntentHandler.swift */ = {isa = PBXFileReference; lastKnownFileType = sourcecode.swift; path = IntentHandler.swift; sourceTree = "<group>"; };
		66D12F2227D2482D00E64B76 /* Info.plist */ = {isa = PBXFileReference; lastKnownFileType = text.plist.xml; path = Info.plist; sourceTree = "<group>"; };
/* End PBXFileReference section */

/* Begin PBXFrameworksBuildPhase section */
		661DD84627CAD2140098B6C6 /* Frameworks */ = {
			isa = PBXFrameworksBuildPhase;
			buildActionMask = 2147483647;
			files = (
				661DD84E27CAD2140098B6C6 /* SwiftUI.framework in Frameworks */,
				661DD84C27CAD2140098B6C6 /* WidgetKit.framework in Frameworks */,
			);
			runOnlyForDeploymentPostprocessing = 0;
		};
		667F309227B88494004B9294 /* Frameworks */ = {
			isa = PBXFrameworksBuildPhase;
			buildActionMask = 2147483647;
			files = (
			);
			runOnlyForDeploymentPostprocessing = 0;
		};
		6684A84427D9765C00CDA6CE /* Frameworks */ = {
			isa = PBXFrameworksBuildPhase;
			buildActionMask = 2147483647;
			files = (
			);
			runOnlyForDeploymentPostprocessing = 0;
		};
		66D12F1A27D2482D00E64B76 /* Frameworks */ = {
			isa = PBXFrameworksBuildPhase;
			buildActionMask = 2147483647;
			files = (
				66D12F1E27D2482D00E64B76 /* Intents.framework in Frameworks */,
			);
			runOnlyForDeploymentPostprocessing = 0;
		};
/* End PBXFrameworksBuildPhase section */

/* Begin PBXGroup section */
		6616DAB727D428E600684044 /* Config */ = {
			isa = PBXGroup;
			children = (
				6616DAB827D4291000684044 /* app.plist */,
			);
			name = Config;
			sourceTree = "<group>";
		};
		661DD84A27CAD2140098B6C6 /* Frameworks */ = {
			isa = PBXGroup;
			children = (
				661DD84B27CAD2140098B6C6 /* WidgetKit.framework */,
				661DD84D27CAD2140098B6C6 /* SwiftUI.framework */,
				66D12F0D27D2477900E64B76 /* Intents.framework */,
			);
			name = Frameworks;
			sourceTree = "<group>";
		};
		661DD84F27CAD2140098B6C6 /* NYBestWidget */ = {
			isa = PBXGroup;
			children = (
				661DD85027CAD2140098B6C6 /* NYBestWidget.swift */,
				661DD85227CAD2140098B6C6 /* NYBestWidget.intentdefinition */,
				661DD85327CAD2150098B6C6 /* Assets.xcassets */,
				661DD85527CAD2150098B6C6 /* Info.plist */,
			);
			path = NYBestWidget;
			sourceTree = "<group>";
		};
		665092F927C1555D00D867B9 /* Common */ = {
			isa = PBXGroup;
			children = (
				665092F727C1552900D867B9 /* AsyncImageView.swift */,
				665092FC27C165FD00D867B9 /* ImageCache.swift */,
			);
			name = Common;
			sourceTree = "<group>";
		};
		66604EFE27B95BA600979B0F /* Views */ = {
			isa = PBXGroup;
			children = (
				66604F0127B961FB00979B0F /* GenreView.swift */,
				665092F527C1511B00D867B9 /* BookView.swift */,
				6650930027C18AE300D867B9 /* BookListHeaderView.swift */,
				66A4332027C41DC600E00915 /* AttributeStackView.swift */,
				66A4332227C4226A00E00915 /* RankView.swift */,
				66A4332427C47A9D00E00915 /* StoreButtonStackView.swift */,
			);
			path = Views;
			sourceTree = "<group>";
		};
		667F308C27B88494004B9294 = {
			isa = PBXGroup;
			children = (
				6616DABC27D42B0E00684044 /* .gitignore */,
				6616DAB627D4227600684044 /* README.md */,
				667F309727B88494004B9294 /* NYBest */,
				661DD84F27CAD2140098B6C6 /* NYBestWidget */,
				66D12F1F27D2482D00E64B76 /* NYBestWidgetIntentExtension */,
				6684A84827D9765C00CDA6CE /* NYBestTests */,
				661DD84A27CAD2140098B6C6 /* Frameworks */,
				667F309627B88494004B9294 /* Products */,
			);
			sourceTree = "<group>";
		};
		667F309627B88494004B9294 /* Products */ = {
			isa = PBXGroup;
			children = (
				667F309527B88494004B9294 /* NYBest.app */,
				661DD84927CAD2140098B6C6 /* NYBestWidgetExtension.appex */,
				66D12F1D27D2482D00E64B76 /* NYBestWidgetIntentExtension.appex */,
				6684A84727D9765C00CDA6CE /* NYBestTests.xctest */,
			);
			name = Products;
			sourceTree = "<group>";
		};
		667F309727B88494004B9294 /* NYBest */ = {
			isa = PBXGroup;
			children = (
				6616DAB727D428E600684044 /* Config */,
				66A4331D27C41B9B00E00915 /* Extensions */,
				665092F927C1555D00D867B9 /* Common */,
				668CEA9B27B8A4B100293264 /* Info.plist */,
				667F30D227B8859D004B9294 /* Services */,
				667F30C927B8854D004B9294 /* Features */,
				667F30C827B8853B004B9294 /* Resources */,
				667F309827B88494004B9294 /* AppDelegate.swift */,
				667F309A27B88494004B9294 /* SceneDelegate.swift */,
			);
			path = NYBest;
			sourceTree = "<group>";
		};
		667F30C827B8853B004B9294 /* Resources */ = {
			isa = PBXGroup;
			children = (
				667F30A127B88496004B9294 /* Assets.xcassets */,
				667F30A327B88496004B9294 /* LaunchScreen.storyboard */,
			);
			path = Resources;
			sourceTree = "<group>";
		};
		667F30C927B8854D004B9294 /* Features */ = {
			isa = PBXGroup;
			children = (
				667F30CA27B88553004B9294 /* Books */,
			);
			path = Features;
			sourceTree = "<group>";
		};
		667F30CA27B88553004B9294 /* Books */ = {
			isa = PBXGroup;
			children = (
				66604EFE27B95BA600979B0F /* Views */,
				667F30D127B88597004B9294 /* Scenes */,
				667F30D027B88591004B9294 /* ViewModels */,
				667F30CF27B8858A004B9294 /* Models */,
				6650930227C271CD00D867B9 /* BookNavigationViewController.swift */,
			);
			path = Books;
			sourceTree = "<group>";
		};
		667F30CF27B8858A004B9294 /* Models */ = {
			isa = PBXGroup;
			children = (
				66604EFC27B8B37B00979B0F /* BooksModel.swift */,
			);
			path = Models;
			sourceTree = "<group>";
		};
		667F30D027B88591004B9294 /* ViewModels */ = {
			isa = PBXGroup;
			children = (
				66604EF827B8ABE400979B0F /* BooksViewModel.swift */,
			);
			path = ViewModels;
			sourceTree = "<group>";
		};
		667F30D127B88597004B9294 /* Scenes */ = {
			isa = PBXGroup;
			children = (
				66BF228D27B8962E00B52410 /* BooksViewController.swift */,
				66A4331B27C40B8F00E00915 /* BookDetailViewController.swift */,
			);
			path = Scenes;
			sourceTree = "<group>";
		};
		667F30D227B8859D004B9294 /* Services */ = {
			isa = PBXGroup;
			children = (
				66604EFA27B8AC2A00979B0F /* NYTBooksAPI.swift */,
			);
			path = Services;
			sourceTree = "<group>";
		};
		6684A84827D9765C00CDA6CE /* NYBestTests */ = {
			isa = PBXGroup;
			children = (
				6684A84927D9765C00CDA6CE /* NYBestTests.swift */,
			);
			path = NYBestTests;
			sourceTree = "<group>";
		};
		66A4331D27C41B9B00E00915 /* Extensions */ = {
			isa = PBXGroup;
			children = (
				66A4331E27C41BB000E00915 /* UIFont.swift */,
			);
			name = Extensions;
			sourceTree = "<group>";
		};
		66D12F1F27D2482D00E64B76 /* NYBestWidgetIntentExtension */ = {
			isa = PBXGroup;
			children = (
				66D12F2027D2482D00E64B76 /* IntentHandler.swift */,
				66D12F2227D2482D00E64B76 /* Info.plist */,
			);
			path = NYBestWidgetIntentExtension;
			sourceTree = "<group>";
		};
/* End PBXGroup section */

/* Begin PBXNativeTarget section */
		661DD84827CAD2140098B6C6 /* NYBestWidgetExtension */ = {
			isa = PBXNativeTarget;
			buildConfigurationList = 661DD85E27CAD2150098B6C6 /* Build configuration list for PBXNativeTarget "NYBestWidgetExtension" */;
			buildPhases = (
				661DD84527CAD2140098B6C6 /* Sources */,
				661DD84627CAD2140098B6C6 /* Frameworks */,
				661DD84727CAD2140098B6C6 /* Resources */,
			);
			buildRules = (
			);
			dependencies = (
			);
			name = NYBestWidgetExtension;
			productName = NYBestWidgetExtension;
			productReference = 661DD84927CAD2140098B6C6 /* NYBestWidgetExtension.appex */;
			productType = "com.apple.product-type.app-extension";
		};
		667F309427B88494004B9294 /* NYBest */ = {
			isa = PBXNativeTarget;
			buildConfigurationList = 667F30BF27B88496004B9294 /* Build configuration list for PBXNativeTarget "NYBest" */;
			buildPhases = (
				667F309127B88494004B9294 /* Sources */,
				667F309227B88494004B9294 /* Frameworks */,
				667F309327B88494004B9294 /* Resources */,
				661DD85B27CAD2150098B6C6 /* Embed App Extensions */,
			);
			buildRules = (
			);
			dependencies = (
				661DD85927CAD2150098B6C6 /* PBXTargetDependency */,
				66D12F2427D2482D00E64B76 /* PBXTargetDependency */,
			);
			name = NYBest;
			productName = NYBest;
			productReference = 667F309527B88494004B9294 /* NYBest.app */;
			productType = "com.apple.product-type.application";
		};
		6684A84627D9765C00CDA6CE /* NYBestTests */ = {
			isa = PBXNativeTarget;
			buildConfigurationList = 6684A84F27D9765C00CDA6CE /* Build configuration list for PBXNativeTarget "NYBestTests" */;
			buildPhases = (
				6684A84327D9765C00CDA6CE /* Sources */,
				6684A84427D9765C00CDA6CE /* Frameworks */,
				6684A84527D9765C00CDA6CE /* Resources */,
			);
			buildRules = (
			);
			dependencies = (
				6684A84C27D9765C00CDA6CE /* PBXTargetDependency */,
			);
			name = NYBestTests;
			productName = NYBestTests;
			productReference = 6684A84727D9765C00CDA6CE /* NYBestTests.xctest */;
			productType = "com.apple.product-type.bundle.unit-test";
		};
		66D12F1C27D2482D00E64B76 /* NYBestWidgetIntentExtension */ = {
			isa = PBXNativeTarget;
			buildConfigurationList = 66D12F2627D2482D00E64B76 /* Build configuration list for PBXNativeTarget "NYBestWidgetIntentExtension" */;
			buildPhases = (
				66D12F1927D2482D00E64B76 /* Sources */,
				66D12F1A27D2482D00E64B76 /* Frameworks */,
				66D12F1B27D2482D00E64B76 /* Resources */,
			);
			buildRules = (
			);
			dependencies = (
			);
			name = NYBestWidgetIntentExtension;
			productName = NYBestWidgetIntentExtension;
			productReference = 66D12F1D27D2482D00E64B76 /* NYBestWidgetIntentExtension.appex */;
			productType = "com.apple.product-type.app-extension";
		};
/* End PBXNativeTarget section */

/* Begin PBXProject section */
		667F308D27B88494004B9294 /* Project object */ = {
			isa = PBXProject;
			attributes = {
				BuildIndependentTargetsInParallel = 1;
				LastSwiftUpdateCheck = 1320;
				LastUpgradeCheck = 1320;
				TargetAttributes = {
					661DD84827CAD2140098B6C6 = {
						CreatedOnToolsVersion = 13.2.1;
					};
					667F309427B88494004B9294 = {
						CreatedOnToolsVersion = 13.2.1;
					};
					6684A84627D9765C00CDA6CE = {
						CreatedOnToolsVersion = 13.2.1;
						TestTargetID = 667F309427B88494004B9294;
					};
					66D12F1C27D2482D00E64B76 = {
						CreatedOnToolsVersion = 13.2.1;
					};
				};
			};
			buildConfigurationList = 667F309027B88494004B9294 /* Build configuration list for PBXProject "NYBest" */;
			compatibilityVersion = "Xcode 13.0";
			developmentRegion = en;
			hasScannedForEncodings = 0;
			knownRegions = (
				en,
				Base,
			);
			mainGroup = 667F308C27B88494004B9294;
			productRefGroup = 667F309627B88494004B9294 /* Products */;
			projectDirPath = "";
			projectRoot = "";
			targets = (
				667F309427B88494004B9294 /* NYBest */,
				661DD84827CAD2140098B6C6 /* NYBestWidgetExtension */,
				66D12F1C27D2482D00E64B76 /* NYBestWidgetIntentExtension */,
				6684A84627D9765C00CDA6CE /* NYBestTests */,
			);
		};
/* End PBXProject section */

/* Begin PBXResourcesBuildPhase section */
		661DD84727CAD2140098B6C6 /* Resources */ = {
			isa = PBXResourcesBuildPhase;
			buildActionMask = 2147483647;
			files = (
				6616DABA27D4291000684044 /* app.plist in Resources */,
				6616DABE27D42B0E00684044 /* .gitignore in Resources */,
				661DD85427CAD2150098B6C6 /* Assets.xcassets in Resources */,
			);
			runOnlyForDeploymentPostprocessing = 0;
		};
		667F309327B88494004B9294 /* Resources */ = {
			isa = PBXResourcesBuildPhase;
			buildActionMask = 2147483647;
			files = (
				6616DABD27D42B0E00684044 /* .gitignore in Resources */,
				667F30A527B88496004B9294 /* LaunchScreen.storyboard in Resources */,
				6616DAB927D4291000684044 /* app.plist in Resources */,
				667F30A227B88496004B9294 /* Assets.xcassets in Resources */,
			);
			runOnlyForDeploymentPostprocessing = 0;
		};
		6684A84527D9765C00CDA6CE /* Resources */ = {
			isa = PBXResourcesBuildPhase;
			buildActionMask = 2147483647;
			files = (
			);
			runOnlyForDeploymentPostprocessing = 0;
		};
		66D12F1B27D2482D00E64B76 /* Resources */ = {
			isa = PBXResourcesBuildPhase;
			buildActionMask = 2147483647;
			files = (
				6616DABF27D42B0E00684044 /* .gitignore in Resources */,
				6616DABB27D4291000684044 /* app.plist in Resources */,
			);
			runOnlyForDeploymentPostprocessing = 0;
		};
/* End PBXResourcesBuildPhase section */

/* Begin PBXSourcesBuildPhase section */
		661DD84527CAD2140098B6C6 /* Sources */ = {
			isa = PBXSourcesBuildPhase;
			buildActionMask = 2147483647;
			files = (
				6649B6E727D40B6B00E6973E /* ImageCache.swift in Sources */,
				661DD85F27CAD42D0098B6C6 /* BooksModel.swift in Sources */,
				661DD85127CAD2140098B6C6 /* NYBestWidget.swift in Sources */,
				661DD85627CAD2150098B6C6 /* NYBestWidget.intentdefinition in Sources */,
				66D12F0727D1CEC200E64B76 /* NYTBooksAPI.swift in Sources */,
			);
			runOnlyForDeploymentPostprocessing = 0;
		};
		667F309127B88494004B9294 /* Sources */ = {
			isa = PBXSourcesBuildPhase;
			buildActionMask = 2147483647;
			files = (
				66604F0227B961FB00979B0F /* GenreView.swift in Sources */,
				665092FD27C165FD00D867B9 /* ImageCache.swift in Sources */,
				6650930127C18AE300D867B9 /* BookListHeaderView.swift in Sources */,
				661DD85727CAD2150098B6C6 /* NYBestWidget.intentdefinition in Sources */,
				66604EF927B8ABE400979B0F /* BooksViewModel.swift in Sources */,
				66A4332527C47A9D00E00915 /* StoreButtonStackView.swift in Sources */,
				66604EFD27B8B37B00979B0F /* BooksModel.swift in Sources */,
				66604EFB27B8AC2A00979B0F /* NYTBooksAPI.swift in Sources */,
				66A4332127C41DC600E00915 /* AttributeStackView.swift in Sources */,
				665092F827C1552900D867B9 /* AsyncImageView.swift in Sources */,
				66A4332327C4226A00E00915 /* RankView.swift in Sources */,
				66BF228E27B8962E00B52410 /* BooksViewController.swift in Sources */,
				667F309927B88494004B9294 /* AppDelegate.swift in Sources */,
				6650930327C271CD00D867B9 /* BookNavigationViewController.swift in Sources */,
				66A4331F27C41BB000E00915 /* UIFont.swift in Sources */,
				667F309B27B88494004B9294 /* SceneDelegate.swift in Sources */,
				665092F627C1511B00D867B9 /* BookView.swift in Sources */,
				66A4331C27C40B8F00E00915 /* BookDetailViewController.swift in Sources */,
			);
			runOnlyForDeploymentPostprocessing = 0;
		};
		6684A84327D9765C00CDA6CE /* Sources */ = {
			isa = PBXSourcesBuildPhase;
			buildActionMask = 2147483647;
			files = (
				6684A84A27D9765C00CDA6CE /* NYBestTests.swift in Sources */,
			);
			runOnlyForDeploymentPostprocessing = 0;
		};
		66D12F1927D2482D00E64B76 /* Sources */ = {
			isa = PBXSourcesBuildPhase;
			buildActionMask = 2147483647;
			files = (
				6616DAB527D40C4500684044 /* ImageCache.swift in Sources */,
				660D8A1B27D24BF7008FF847 /* BooksModel.swift in Sources */,
				66D12F2127D2482D00E64B76 /* IntentHandler.swift in Sources */,
				660D8A1927D24A12008FF847 /* NYBestWidget.intentdefinition in Sources */,
				660D8A1C27D24C05008FF847 /* NYTBooksAPI.swift in Sources */,
				66D78E6D27D2500A00C5DE78 /* NYBestWidget.swift in Sources */,
			);
			runOnlyForDeploymentPostprocessing = 0;
		};
/* End PBXSourcesBuildPhase section */

/* Begin PBXTargetDependency section */
		661DD85927CAD2150098B6C6 /* PBXTargetDependency */ = {
			isa = PBXTargetDependency;
			target = 661DD84827CAD2140098B6C6 /* NYBestWidgetExtension */;
			targetProxy = 661DD85827CAD2150098B6C6 /* PBXContainerItemProxy */;
		};
		6684A84C27D9765C00CDA6CE /* PBXTargetDependency */ = {
			isa = PBXTargetDependency;
			target = 667F309427B88494004B9294 /* NYBest */;
			targetProxy = 6684A84B27D9765C00CDA6CE /* PBXContainerItemProxy */;
		};
		66D12F2427D2482D00E64B76 /* PBXTargetDependency */ = {
			isa = PBXTargetDependency;
			target = 66D12F1C27D2482D00E64B76 /* NYBestWidgetIntentExtension */;
			targetProxy = 66D12F2327D2482D00E64B76 /* PBXContainerItemProxy */;
		};
/* End PBXTargetDependency section */

/* Begin PBXVariantGroup section */
		667F30A327B88496004B9294 /* LaunchScreen.storyboard */ = {
			isa = PBXVariantGroup;
			children = (
				667F30A427B88496004B9294 /* Base */,
			);
			name = LaunchScreen.storyboard;
			sourceTree = "<group>";
		};
/* End PBXVariantGroup section */

/* Begin XCBuildConfiguration section */
		661DD85C27CAD2150098B6C6 /* Debug */ = {
			isa = XCBuildConfiguration;
			buildSettings = {
				ASSETCATALOG_COMPILER_GLOBAL_ACCENT_COLOR_NAME = AccentColor;
				ASSETCATALOG_COMPILER_WIDGET_BACKGROUND_COLOR_NAME = WidgetBackground;
				CODE_SIGN_STYLE = Automatic;
				CURRENT_PROJECT_VERSION = 4;
				DEVELOPMENT_TEAM = TJ4KC76BFC;
				GENERATE_INFOPLIST_FILE = YES;
				INFOPLIST_FILE = NYBestWidget/Info.plist;
				INFOPLIST_KEY_CFBundleDisplayName = NYBestWidget;
				INFOPLIST_KEY_NSHumanReadableCopyright = "";
				INFOPLIST_KEY_UILaunchStoryboardName = LaunchScreen;
				LD_RUNPATH_SEARCH_PATHS = (
					"$(inherited)",
					"@executable_path/Frameworks",
					"@executable_path/../../Frameworks",
				);
				MARKETING_VERSION = 1.0;
				PRODUCT_BUNDLE_IDENTIFIER = com.victorchoi.nybest.NYBestWidget;
				PRODUCT_NAME = "$(TARGET_NAME)";
				SKIP_INSTALL = YES;
				SWIFT_EMIT_LOC_STRINGS = YES;
				SWIFT_VERSION = 5.0;
				TARGETED_DEVICE_FAMILY = 1;
			};
			name = Debug;
		};
		661DD85D27CAD2150098B6C6 /* Release */ = {
			isa = XCBuildConfiguration;
			buildSettings = {
				ASSETCATALOG_COMPILER_GLOBAL_ACCENT_COLOR_NAME = AccentColor;
				ASSETCATALOG_COMPILER_WIDGET_BACKGROUND_COLOR_NAME = WidgetBackground;
				CODE_SIGN_STYLE = Automatic;
				CURRENT_PROJECT_VERSION = 4;
				DEVELOPMENT_TEAM = TJ4KC76BFC;
				GENERATE_INFOPLIST_FILE = YES;
				INFOPLIST_FILE = NYBestWidget/Info.plist;
				INFOPLIST_KEY_CFBundleDisplayName = NYBestWidget;
				INFOPLIST_KEY_NSHumanReadableCopyright = "";
				INFOPLIST_KEY_UILaunchStoryboardName = LaunchScreen;
				LD_RUNPATH_SEARCH_PATHS = (
					"$(inherited)",
					"@executable_path/Frameworks",
					"@executable_path/../../Frameworks",
				);
				MARKETING_VERSION = 1.0;
				PRODUCT_BUNDLE_IDENTIFIER = com.victorchoi.nybest.NYBestWidget;
				PRODUCT_NAME = "$(TARGET_NAME)";
				SKIP_INSTALL = YES;
				SWIFT_EMIT_LOC_STRINGS = YES;
				SWIFT_VERSION = 5.0;
				TARGETED_DEVICE_FAMILY = 1;
			};
			name = Release;
		};
		667F30BD27B88496004B9294 /* Debug */ = {
			isa = XCBuildConfiguration;
			buildSettings = {
				ALWAYS_SEARCH_USER_PATHS = NO;
				CLANG_ANALYZER_NONNULL = YES;
				CLANG_ANALYZER_NUMBER_OBJECT_CONVERSION = YES_AGGRESSIVE;
				CLANG_CXX_LANGUAGE_STANDARD = "gnu++17";
				CLANG_CXX_LIBRARY = "libc++";
				CLANG_ENABLE_MODULES = YES;
				CLANG_ENABLE_OBJC_ARC = YES;
				CLANG_ENABLE_OBJC_WEAK = YES;
				CLANG_WARN_BLOCK_CAPTURE_AUTORELEASING = YES;
				CLANG_WARN_BOOL_CONVERSION = YES;
				CLANG_WARN_COMMA = YES;
				CLANG_WARN_CONSTANT_CONVERSION = YES;
				CLANG_WARN_DEPRECATED_OBJC_IMPLEMENTATIONS = YES;
				CLANG_WARN_DIRECT_OBJC_ISA_USAGE = YES_ERROR;
				CLANG_WARN_DOCUMENTATION_COMMENTS = YES;
				CLANG_WARN_EMPTY_BODY = YES;
				CLANG_WARN_ENUM_CONVERSION = YES;
				CLANG_WARN_INFINITE_RECURSION = YES;
				CLANG_WARN_INT_CONVERSION = YES;
				CLANG_WARN_NON_LITERAL_NULL_CONVERSION = YES;
				CLANG_WARN_OBJC_IMPLICIT_RETAIN_SELF = YES;
				CLANG_WARN_OBJC_LITERAL_CONVERSION = YES;
				CLANG_WARN_OBJC_ROOT_CLASS = YES_ERROR;
				CLANG_WARN_QUOTED_INCLUDE_IN_FRAMEWORK_HEADER = YES;
				CLANG_WARN_RANGE_LOOP_ANALYSIS = YES;
				CLANG_WARN_STRICT_PROTOTYPES = YES;
				CLANG_WARN_SUSPICIOUS_MOVE = YES;
				CLANG_WARN_UNGUARDED_AVAILABILITY = YES_AGGRESSIVE;
				CLANG_WARN_UNREACHABLE_CODE = YES;
				CLANG_WARN__DUPLICATE_METHOD_MATCH = YES;
				COPY_PHASE_STRIP = NO;
				DEBUG_INFORMATION_FORMAT = dwarf;
				ENABLE_STRICT_OBJC_MSGSEND = YES;
				ENABLE_TESTABILITY = YES;
				GCC_C_LANGUAGE_STANDARD = gnu11;
				GCC_DYNAMIC_NO_PIC = NO;
				GCC_NO_COMMON_BLOCKS = YES;
				GCC_OPTIMIZATION_LEVEL = 0;
				GCC_PREPROCESSOR_DEFINITIONS = (
					"DEBUG=1",
					"$(inherited)",
				);
				GCC_WARN_64_TO_32_BIT_CONVERSION = YES;
				GCC_WARN_ABOUT_RETURN_TYPE = YES_ERROR;
				GCC_WARN_UNDECLARED_SELECTOR = YES;
				GCC_WARN_UNINITIALIZED_AUTOS = YES_AGGRESSIVE;
				GCC_WARN_UNUSED_FUNCTION = YES;
				GCC_WARN_UNUSED_VARIABLE = YES;
				INFOPLIST_FILE = /Users/victor.choi/Developer/prj/NYBest/NYBest/Info.plist;
				INFOPLIST_KEY_UILaunchStoryboardName = LaunchScreen;
				IPHONEOS_DEPLOYMENT_TARGET = 15.2;
				MTL_ENABLE_DEBUG_INFO = INCLUDE_SOURCE;
				MTL_FAST_MATH = YES;
				ONLY_ACTIVE_ARCH = YES;
				PRODUCT_BUNDLE_IDENTIFIER = com.victorchoi.nybest;
				SDKROOT = iphoneos;
				SWIFT_ACTIVE_COMPILATION_CONDITIONS = DEBUG;
				SWIFT_OPTIMIZATION_LEVEL = "-Onone";
			};
			name = Debug;
		};
		667F30BE27B88496004B9294 /* Release */ = {
			isa = XCBuildConfiguration;
			buildSettings = {
				ALWAYS_SEARCH_USER_PATHS = NO;
				CLANG_ANALYZER_NONNULL = YES;
				CLANG_ANALYZER_NUMBER_OBJECT_CONVERSION = YES_AGGRESSIVE;
				CLANG_CXX_LANGUAGE_STANDARD = "gnu++17";
				CLANG_CXX_LIBRARY = "libc++";
				CLANG_ENABLE_MODULES = YES;
				CLANG_ENABLE_OBJC_ARC = YES;
				CLANG_ENABLE_OBJC_WEAK = YES;
				CLANG_WARN_BLOCK_CAPTURE_AUTORELEASING = YES;
				CLANG_WARN_BOOL_CONVERSION = YES;
				CLANG_WARN_COMMA = YES;
				CLANG_WARN_CONSTANT_CONVERSION = YES;
				CLANG_WARN_DEPRECATED_OBJC_IMPLEMENTATIONS = YES;
				CLANG_WARN_DIRECT_OBJC_ISA_USAGE = YES_ERROR;
				CLANG_WARN_DOCUMENTATION_COMMENTS = YES;
				CLANG_WARN_EMPTY_BODY = YES;
				CLANG_WARN_ENUM_CONVERSION = YES;
				CLANG_WARN_INFINITE_RECURSION = YES;
				CLANG_WARN_INT_CONVERSION = YES;
				CLANG_WARN_NON_LITERAL_NULL_CONVERSION = YES;
				CLANG_WARN_OBJC_IMPLICIT_RETAIN_SELF = YES;
				CLANG_WARN_OBJC_LITERAL_CONVERSION = YES;
				CLANG_WARN_OBJC_ROOT_CLASS = YES_ERROR;
				CLANG_WARN_QUOTED_INCLUDE_IN_FRAMEWORK_HEADER = YES;
				CLANG_WARN_RANGE_LOOP_ANALYSIS = YES;
				CLANG_WARN_STRICT_PROTOTYPES = YES;
				CLANG_WARN_SUSPICIOUS_MOVE = YES;
				CLANG_WARN_UNGUARDED_AVAILABILITY = YES_AGGRESSIVE;
				CLANG_WARN_UNREACHABLE_CODE = YES;
				CLANG_WARN__DUPLICATE_METHOD_MATCH = YES;
				COPY_PHASE_STRIP = NO;
				DEBUG_INFORMATION_FORMAT = "dwarf-with-dsym";
				ENABLE_NS_ASSERTIONS = NO;
				ENABLE_STRICT_OBJC_MSGSEND = YES;
				GCC_C_LANGUAGE_STANDARD = gnu11;
				GCC_NO_COMMON_BLOCKS = YES;
				GCC_WARN_64_TO_32_BIT_CONVERSION = YES;
				GCC_WARN_ABOUT_RETURN_TYPE = YES_ERROR;
				GCC_WARN_UNDECLARED_SELECTOR = YES;
				GCC_WARN_UNINITIALIZED_AUTOS = YES_AGGRESSIVE;
				GCC_WARN_UNUSED_FUNCTION = YES;
				GCC_WARN_UNUSED_VARIABLE = YES;
				INFOPLIST_FILE = /Users/victor.choi/Developer/prj/NYBest/NYBest/Info.plist;
				INFOPLIST_KEY_UILaunchStoryboardName = LaunchScreen;
				IPHONEOS_DEPLOYMENT_TARGET = 15.2;
				MTL_ENABLE_DEBUG_INFO = NO;
				MTL_FAST_MATH = YES;
				PRODUCT_BUNDLE_IDENTIFIER = com.victorchoi.nybest;
				SDKROOT = iphoneos;
				SWIFT_COMPILATION_MODE = wholemodule;
				SWIFT_OPTIMIZATION_LEVEL = "-O";
				VALIDATE_PRODUCT = YES;
			};
			name = Release;
		};
		667F30C027B88496004B9294 /* Debug */ = {
			isa = XCBuildConfiguration;
			buildSettings = {
				ALWAYS_EMBED_SWIFT_STANDARD_LIBRARIES = YES;
				ASSETCATALOG_COMPILER_APPICON_NAME = AppIcon;
				ASSETCATALOG_COMPILER_GLOBAL_ACCENT_COLOR_NAME = AccentColor;
				CODE_SIGN_STYLE = Automatic;
				CURRENT_PROJECT_VERSION = 4;
				DEVELOPMENT_TEAM = TJ4KC76BFC;
				GENERATE_INFOPLIST_FILE = YES;
				INFOPLIST_FILE = /Users/victor.choi/Developer/prj/NYBest/NYBest/Info.plist;
				INFOPLIST_KEY_UIApplicationSupportsIndirectInputEvents = YES;
				INFOPLIST_KEY_UILaunchStoryboardName = LaunchScreen;
				INFOPLIST_KEY_UISupportedInterfaceOrientations = UIInterfaceOrientationPortrait;
				INFOPLIST_KEY_UISupportedInterfaceOrientations_iPad = "UIInterfaceOrientationPortrait UIInterfaceOrientationPortraitUpsideDown UIInterfaceOrientationLandscapeLeft UIInterfaceOrientationLandscapeRight";
				INFOPLIST_KEY_UISupportedInterfaceOrientations_iPhone = "UIInterfaceOrientationPortrait UIInterfaceOrientationLandscapeLeft UIInterfaceOrientationLandscapeRight";
				LD_RUNPATH_SEARCH_PATHS = (
					"$(inherited)",
					"@executable_path/Frameworks",
				);
				MARKETING_VERSION = 1.0;
				PRODUCT_BUNDLE_IDENTIFIER = com.victorchoi.nybest;
				PRODUCT_NAME = "$(TARGET_NAME)";
				SWIFT_EMIT_LOC_STRINGS = YES;
				SWIFT_VERSION = 5.0;
				TARGETED_DEVICE_FAMILY = 1;
			};
			name = Debug;
		};
		667F30C127B88496004B9294 /* Release */ = {
			isa = XCBuildConfiguration;
			buildSettings = {
				ALWAYS_EMBED_SWIFT_STANDARD_LIBRARIES = YES;
				ASSETCATALOG_COMPILER_APPICON_NAME = AppIcon;
				ASSETCATALOG_COMPILER_GLOBAL_ACCENT_COLOR_NAME = AccentColor;
				CODE_SIGN_STYLE = Automatic;
				CURRENT_PROJECT_VERSION = 4;
				DEVELOPMENT_TEAM = TJ4KC76BFC;
				GENERATE_INFOPLIST_FILE = YES;
				INFOPLIST_FILE = /Users/victor.choi/Developer/prj/NYBest/NYBest/Info.plist;
				INFOPLIST_KEY_UIApplicationSupportsIndirectInputEvents = YES;
				INFOPLIST_KEY_UILaunchStoryboardName = LaunchScreen;
				INFOPLIST_KEY_UISupportedInterfaceOrientations = UIInterfaceOrientationPortrait;
				INFOPLIST_KEY_UISupportedInterfaceOrientations_iPad = "UIInterfaceOrientationPortrait UIInterfaceOrientationPortraitUpsideDown UIInterfaceOrientationLandscapeLeft UIInterfaceOrientationLandscapeRight";
				INFOPLIST_KEY_UISupportedInterfaceOrientations_iPhone = "UIInterfaceOrientationPortrait UIInterfaceOrientationLandscapeLeft UIInterfaceOrientationLandscapeRight";
				LD_RUNPATH_SEARCH_PATHS = (
					"$(inherited)",
					"@executable_path/Frameworks",
				);
				MARKETING_VERSION = 1.0;
				PRODUCT_BUNDLE_IDENTIFIER = com.victorchoi.nybest;
				PRODUCT_NAME = "$(TARGET_NAME)";
				SWIFT_EMIT_LOC_STRINGS = YES;
				SWIFT_VERSION = 5.0;
				TARGETED_DEVICE_FAMILY = 1;
			};
			name = Release;
		};
		6684A84D27D9765C00CDA6CE /* Debug */ = {
			isa = XCBuildConfiguration;
			buildSettings = {
				BUNDLE_LOADER = "$(TEST_HOST)";
				CODE_SIGN_STYLE = Automatic;
				CURRENT_PROJECT_VERSION = 1;
				DEVELOPMENT_TEAM = TJ4KC76BFC;
				GENERATE_INFOPLIST_FILE = YES;
				MARKETING_VERSION = 1.0;
				PRODUCT_BUNDLE_IDENTIFIER = com.victorchoi.NYBestTests;
				PRODUCT_NAME = "$(TARGET_NAME)";
				SWIFT_EMIT_LOC_STRINGS = NO;
				SWIFT_VERSION = 5.0;
				TARGETED_DEVICE_FAMILY = "1,2";
				TEST_HOST = "$(BUILT_PRODUCTS_DIR)/NYBest.app/NYBest";
			};
			name = Debug;
		};
		6684A84E27D9765C00CDA6CE /* Release */ = {
			isa = XCBuildConfiguration;
			buildSettings = {
				BUNDLE_LOADER = "$(TEST_HOST)";
				CODE_SIGN_STYLE = Automatic;
				CURRENT_PROJECT_VERSION = 1;
				DEVELOPMENT_TEAM = TJ4KC76BFC;
				GENERATE_INFOPLIST_FILE = YES;
				MARKETING_VERSION = 1.0;
				PRODUCT_BUNDLE_IDENTIFIER = com.victorchoi.NYBestTests;
				PRODUCT_NAME = "$(TARGET_NAME)";
				SWIFT_EMIT_LOC_STRINGS = NO;
				SWIFT_VERSION = 5.0;
				TARGETED_DEVICE_FAMILY = "1,2";
				TEST_HOST = "$(BUILT_PRODUCTS_DIR)/NYBest.app/NYBest";
			};
			name = Release;
		};
		66D12F2727D2482D00E64B76 /* Debug */ = {
			isa = XCBuildConfiguration;
			buildSettings = {
				CODE_SIGN_STYLE = Automatic;
				CURRENT_PROJECT_VERSION = 4;
				DEVELOPMENT_TEAM = TJ4KC76BFC;
				GENERATE_INFOPLIST_FILE = YES;
				INFOPLIST_FILE = NYBestWidgetIntentExtension/Info.plist;
				INFOPLIST_KEY_CFBundleDisplayName = NYBestWidgetIntentExtension;
				INFOPLIST_KEY_NSHumanReadableCopyright = "";
				INFOPLIST_KEY_UILaunchStoryboardName = LaunchScreen;
				LD_RUNPATH_SEARCH_PATHS = (
					"$(inherited)",
					"@executable_path/Frameworks",
					"@executable_path/../../Frameworks",
				);
				MARKETING_VERSION = 1.0;
				PRODUCT_BUNDLE_IDENTIFIER = com.victorchoi.nybest.NYBestWidgetIntentExtension;
				PRODUCT_NAME = "$(TARGET_NAME)";
				SKIP_INSTALL = YES;
				SWIFT_EMIT_LOC_STRINGS = YES;
				SWIFT_VERSION = 5.0;
				TARGETED_DEVICE_FAMILY = 1;
			};
			name = Debug;
		};
		66D12F2827D2482D00E64B76 /* Release */ = {
			isa = XCBuildConfiguration;
			buildSettings = {
				CODE_SIGN_STYLE = Automatic;
				CURRENT_PROJECT_VERSION = 4;
				DEVELOPMENT_TEAM = TJ4KC76BFC;
				GENERATE_INFOPLIST_FILE = YES;
				INFOPLIST_FILE = NYBestWidgetIntentExtension/Info.plist;
				INFOPLIST_KEY_CFBundleDisplayName = NYBestWidgetIntentExtension;
				INFOPLIST_KEY_NSHumanReadableCopyright = "";
				INFOPLIST_KEY_UILaunchStoryboardName = LaunchScreen;
				LD_RUNPATH_SEARCH_PATHS = (
					"$(inherited)",
					"@executable_path/Frameworks",
					"@executable_path/../../Frameworks",
				);
				MARKETING_VERSION = 1.0;
				PRODUCT_BUNDLE_IDENTIFIER = com.victorchoi.nybest.NYBestWidgetIntentExtension;
				PRODUCT_NAME = "$(TARGET_NAME)";
				SKIP_INSTALL = YES;
				SWIFT_EMIT_LOC_STRINGS = YES;
				SWIFT_VERSION = 5.0;
				TARGETED_DEVICE_FAMILY = 1;
			};
			name = Release;
		};
/* End XCBuildConfiguration section */

/* Begin XCConfigurationList section */
		661DD85E27CAD2150098B6C6 /* Build configuration list for PBXNativeTarget "NYBestWidgetExtension" */ = {
			isa = XCConfigurationList;
			buildConfigurations = (
				661DD85C27CAD2150098B6C6 /* Debug */,
				661DD85D27CAD2150098B6C6 /* Release */,
			);
			defaultConfigurationIsVisible = 0;
			defaultConfigurationName = Release;
		};
		667F309027B88494004B9294 /* Build configuration list for PBXProject "NYBest" */ = {
			isa = XCConfigurationList;
			buildConfigurations = (
				667F30BD27B88496004B9294 /* Debug */,
				667F30BE27B88496004B9294 /* Release */,
			);
			defaultConfigurationIsVisible = 0;
			defaultConfigurationName = Release;
		};
		667F30BF27B88496004B9294 /* Build configuration list for PBXNativeTarget "NYBest" */ = {
			isa = XCConfigurationList;
			buildConfigurations = (
				667F30C027B88496004B9294 /* Debug */,
				667F30C127B88496004B9294 /* Release */,
			);
			defaultConfigurationIsVisible = 0;
			defaultConfigurationName = Release;
		};
		6684A84F27D9765C00CDA6CE /* Build configuration list for PBXNativeTarget "NYBestTests" */ = {
			isa = XCConfigurationList;
			buildConfigurations = (
				6684A84D27D9765C00CDA6CE /* Debug */,
				6684A84E27D9765C00CDA6CE /* Release */,
			);
			defaultConfigurationIsVisible = 0;
			defaultConfigurationName = Release;
		};
		66D12F2627D2482D00E64B76 /* Build configuration list for PBXNativeTarget "NYBestWidgetIntentExtension" */ = {
			isa = XCConfigurationList;
			buildConfigurations = (
				66D12F2727D2482D00E64B76 /* Debug */,
				66D12F2827D2482D00E64B76 /* Release */,
			);
			defaultConfigurationIsVisible = 0;
			defaultConfigurationName = Release;
		};
/* End XCConfigurationList section */
	};
	rootObject = 667F308D27B88494004B9294 /* Project object */;
}
