// !$*UTF8*$!
{
	archiveVersion = 1;
	classes = {
	};
	objectVersion = 55;
	objects = {

/* Begin PBXBuildFile section */
		665092F627C1511B00D867B9 /* BookView.swift in Sources */ = {isa = PBXBuildFile; fileRef = 665092F527C1511B00D867B9 /* BookView.swift */; };
		665092F827C1552900D867B9 /* AsyncImageView.swift in Sources */ = {isa = PBXBuildFile; fileRef = 665092F727C1552900D867B9 /* AsyncImageView.swift */; };
		665092FD27C165FD00D867B9 /* ImageCache.swift in Sources */ = {isa = PBXBuildFile; fileRef = 665092FC27C165FD00D867B9 /* ImageCache.swift */; };
		6650930127C18AE300D867B9 /* BookListHeaderView.swift in Sources */ = {isa = PBXBuildFile; fileRef = 6650930027C18AE300D867B9 /* BookListHeaderView.swift */; };
		66604EF727B8A94400979B0F /* NYBestRootViewController.swift in Sources */ = {isa = PBXBuildFile; fileRef = 66604EF627B8A94400979B0F /* NYBestRootViewController.swift */; };
		66604EF927B8ABE400979B0F /* BooksViewModel.swift in Sources */ = {isa = PBXBuildFile; fileRef = 66604EF827B8ABE400979B0F /* BooksViewModel.swift */; };
		66604EFB27B8AC2A00979B0F /* NYTBooksAPI.swift in Sources */ = {isa = PBXBuildFile; fileRef = 66604EFA27B8AC2A00979B0F /* NYTBooksAPI.swift */; };
		66604EFD27B8B37B00979B0F /* BooksModel.swift in Sources */ = {isa = PBXBuildFile; fileRef = 66604EFC27B8B37B00979B0F /* BooksModel.swift */; };
		66604F0227B961FB00979B0F /* GenreView.swift in Sources */ = {isa = PBXBuildFile; fileRef = 66604F0127B961FB00979B0F /* GenreView.swift */; };
		667F309927B88494004B9294 /* AppDelegate.swift in Sources */ = {isa = PBXBuildFile; fileRef = 667F309827B88494004B9294 /* AppDelegate.swift */; };
		667F309B27B88494004B9294 /* SceneDelegate.swift in Sources */ = {isa = PBXBuildFile; fileRef = 667F309A27B88494004B9294 /* SceneDelegate.swift */; };
		667F309D27B88494004B9294 /* MoviesViewController.swift in Sources */ = {isa = PBXBuildFile; fileRef = 667F309C27B88494004B9294 /* MoviesViewController.swift */; };
		667F30A227B88496004B9294 /* Assets.xcassets in Resources */ = {isa = PBXBuildFile; fileRef = 667F30A127B88496004B9294 /* Assets.xcassets */; };
		667F30A527B88496004B9294 /* LaunchScreen.storyboard in Resources */ = {isa = PBXBuildFile; fileRef = 667F30A327B88496004B9294 /* LaunchScreen.storyboard */; };
		66BF228E27B8962E00B52410 /* BooksViewController.swift in Sources */ = {isa = PBXBuildFile; fileRef = 66BF228D27B8962E00B52410 /* BooksViewController.swift */; };
/* End PBXBuildFile section */

/* Begin PBXFileReference section */
		665092F527C1511B00D867B9 /* BookView.swift */ = {isa = PBXFileReference; lastKnownFileType = sourcecode.swift; path = BookView.swift; sourceTree = "<group>"; };
		665092F727C1552900D867B9 /* AsyncImageView.swift */ = {isa = PBXFileReference; lastKnownFileType = sourcecode.swift; path = AsyncImageView.swift; sourceTree = "<group>"; };
		665092FC27C165FD00D867B9 /* ImageCache.swift */ = {isa = PBXFileReference; lastKnownFileType = sourcecode.swift; path = ImageCache.swift; sourceTree = "<group>"; };
		6650930027C18AE300D867B9 /* BookListHeaderView.swift */ = {isa = PBXFileReference; lastKnownFileType = sourcecode.swift; path = BookListHeaderView.swift; sourceTree = "<group>"; };
		66604EF627B8A94400979B0F /* NYBestRootViewController.swift */ = {isa = PBXFileReference; lastKnownFileType = sourcecode.swift; path = NYBestRootViewController.swift; sourceTree = "<group>"; };
		66604EF827B8ABE400979B0F /* BooksViewModel.swift */ = {isa = PBXFileReference; lastKnownFileType = sourcecode.swift; path = BooksViewModel.swift; sourceTree = "<group>"; };
		66604EFA27B8AC2A00979B0F /* NYTBooksAPI.swift */ = {isa = PBXFileReference; lastKnownFileType = sourcecode.swift; path = NYTBooksAPI.swift; sourceTree = "<group>"; };
		66604EFC27B8B37B00979B0F /* BooksModel.swift */ = {isa = PBXFileReference; lastKnownFileType = sourcecode.swift; path = BooksModel.swift; sourceTree = "<group>"; };
		66604F0127B961FB00979B0F /* GenreView.swift */ = {isa = PBXFileReference; lastKnownFileType = sourcecode.swift; path = GenreView.swift; sourceTree = "<group>"; };
		667F309527B88494004B9294 /* NYBest.app */ = {isa = PBXFileReference; explicitFileType = wrapper.application; includeInIndex = 0; path = NYBest.app; sourceTree = BUILT_PRODUCTS_DIR; };
		667F309827B88494004B9294 /* AppDelegate.swift */ = {isa = PBXFileReference; lastKnownFileType = sourcecode.swift; path = AppDelegate.swift; sourceTree = "<group>"; };
		667F309A27B88494004B9294 /* SceneDelegate.swift */ = {isa = PBXFileReference; lastKnownFileType = sourcecode.swift; path = SceneDelegate.swift; sourceTree = "<group>"; };
		667F309C27B88494004B9294 /* MoviesViewController.swift */ = {isa = PBXFileReference; lastKnownFileType = sourcecode.swift; path = MoviesViewController.swift; sourceTree = "<group>"; };
		667F30A127B88496004B9294 /* Assets.xcassets */ = {isa = PBXFileReference; lastKnownFileType = folder.assetcatalog; path = Assets.xcassets; sourceTree = "<group>"; };
		667F30A427B88496004B9294 /* Base */ = {isa = PBXFileReference; lastKnownFileType = file.storyboard; name = Base; path = Base.lproj/LaunchScreen.storyboard; sourceTree = "<group>"; };
		668CEA9B27B8A4B100293264 /* Info.plist */ = {isa = PBXFileReference; fileEncoding = 4; lastKnownFileType = text.plist.xml; path = Info.plist; sourceTree = "<group>"; };
		66BF228D27B8962E00B52410 /* BooksViewController.swift */ = {isa = PBXFileReference; lastKnownFileType = sourcecode.swift; path = BooksViewController.swift; sourceTree = "<group>"; };
/* End PBXFileReference section */

/* Begin PBXFrameworksBuildPhase section */
		667F309227B88494004B9294 /* Frameworks */ = {
			isa = PBXFrameworksBuildPhase;
			buildActionMask = 2147483647;
			files = (
			);
			runOnlyForDeploymentPostprocessing = 0;
		};
/* End PBXFrameworksBuildPhase section */

/* Begin PBXGroup section */
		665092F927C1555D00D867B9 /* Common */ = {
			isa = PBXGroup;
			children = (
				665092F727C1552900D867B9 /* AsyncImageView.swift */,
				665092FC27C165FD00D867B9 /* ImageCache.swift */,
			);
			name = Common;
			sourceTree = "<group>";
		};
		66604EFE27B95BA600979B0F /* Views */ = {
			isa = PBXGroup;
			children = (
				66604F0127B961FB00979B0F /* GenreView.swift */,
				665092F527C1511B00D867B9 /* BookView.swift */,
				6650930027C18AE300D867B9 /* BookListHeaderView.swift */,
			);
			path = Views;
			sourceTree = "<group>";
		};
		667F308C27B88494004B9294 = {
			isa = PBXGroup;
			children = (
				667F309727B88494004B9294 /* NYBest */,
				667F309627B88494004B9294 /* Products */,
			);
			sourceTree = "<group>";
		};
		667F309627B88494004B9294 /* Products */ = {
			isa = PBXGroup;
			children = (
				667F309527B88494004B9294 /* NYBest.app */,
			);
			name = Products;
			sourceTree = "<group>";
		};
		667F309727B88494004B9294 /* NYBest */ = {
			isa = PBXGroup;
			children = (
				665092F927C1555D00D867B9 /* Common */,
				668CEA9B27B8A4B100293264 /* Info.plist */,
				667F30D227B8859D004B9294 /* Services */,
				667F30C927B8854D004B9294 /* Features */,
				667F30C827B8853B004B9294 /* Resources */,
				667F309827B88494004B9294 /* AppDelegate.swift */,
				667F309A27B88494004B9294 /* SceneDelegate.swift */,
			);
			path = NYBest;
			sourceTree = "<group>";
		};
		667F30C827B8853B004B9294 /* Resources */ = {
			isa = PBXGroup;
			children = (
				667F30A127B88496004B9294 /* Assets.xcassets */,
				667F30A327B88496004B9294 /* LaunchScreen.storyboard */,
			);
			path = Resources;
			sourceTree = "<group>";
		};
		667F30C927B8854D004B9294 /* Features */ = {
			isa = PBXGroup;
			children = (
				667F30CB27B8855D004B9294 /* Movies */,
				667F30CA27B88553004B9294 /* Books */,
				66604EF627B8A94400979B0F /* NYBestRootViewController.swift */,
			);
			path = Features;
			sourceTree = "<group>";
		};
		667F30CA27B88553004B9294 /* Books */ = {
			isa = PBXGroup;
			children = (
				66604EFE27B95BA600979B0F /* Views */,
				667F30D127B88597004B9294 /* Scenes */,
				667F30D027B88591004B9294 /* ViewModels */,
				667F30CF27B8858A004B9294 /* Models */,
			);
			path = Books;
			sourceTree = "<group>";
		};
		667F30CB27B8855D004B9294 /* Movies */ = {
			isa = PBXGroup;
			children = (
				667F30CE27B88573004B9294 /* Models */,
				667F30CD27B8856C004B9294 /* ViewModels */,
				667F30CC27B88564004B9294 /* Scenes */,
			);
			path = Movies;
			sourceTree = "<group>";
		};
		667F30CC27B88564004B9294 /* Scenes */ = {
			isa = PBXGroup;
			children = (
				667F309C27B88494004B9294 /* MoviesViewController.swift */,
			);
			path = Scenes;
			sourceTree = "<group>";
		};
		667F30CD27B8856C004B9294 /* ViewModels */ = {
			isa = PBXGroup;
			children = (
			);
			path = ViewModels;
			sourceTree = "<group>";
		};
		667F30CE27B88573004B9294 /* Models */ = {
			isa = PBXGroup;
			children = (
			);
			path = Models;
			sourceTree = "<group>";
		};
		667F30CF27B8858A004B9294 /* Models */ = {
			isa = PBXGroup;
			children = (
				66604EFC27B8B37B00979B0F /* BooksModel.swift */,
			);
			path = Models;
			sourceTree = "<group>";
		};
		667F30D027B88591004B9294 /* ViewModels */ = {
			isa = PBXGroup;
			children = (
				66604EF827B8ABE400979B0F /* BooksViewModel.swift */,
			);
			path = ViewModels;
			sourceTree = "<group>";
		};
		667F30D127B88597004B9294 /* Scenes */ = {
			isa = PBXGroup;
			children = (
				66BF228D27B8962E00B52410 /* BooksViewController.swift */,
			);
			path = Scenes;
			sourceTree = "<group>";
		};
		667F30D227B8859D004B9294 /* Services */ = {
			isa = PBXGroup;
			children = (
				66604EFA27B8AC2A00979B0F /* NYTBooksAPI.swift */,
			);
			path = Services;
			sourceTree = "<group>";
		};
/* End PBXGroup section */

/* Begin PBXNativeTarget section */
		667F309427B88494004B9294 /* NYBest */ = {
			isa = PBXNativeTarget;
			buildConfigurationList = 667F30BF27B88496004B9294 /* Build configuration list for PBXNativeTarget "NYBest" */;
			buildPhases = (
				667F309127B88494004B9294 /* Sources */,
				667F309227B88494004B9294 /* Frameworks */,
				667F309327B88494004B9294 /* Resources */,
			);
			buildRules = (
			);
			dependencies = (
			);
			name = NYBest;
			productName = NYBest;
			productReference = 667F309527B88494004B9294 /* NYBest.app */;
			productType = "com.apple.product-type.application";
		};
/* End PBXNativeTarget section */

/* Begin PBXProject section */
		667F308D27B88494004B9294 /* Project object */ = {
			isa = PBXProject;
			attributes = {
				BuildIndependentTargetsInParallel = 1;
				LastSwiftUpdateCheck = 1320;
				LastUpgradeCheck = 1320;
				TargetAttributes = {
					667F309427B88494004B9294 = {
						CreatedOnToolsVersion = 13.2.1;
					};
				};
			};
			buildConfigurationList = 667F309027B88494004B9294 /* Build configuration list for PBXProject "NYBest" */;
			compatibilityVersion = "Xcode 13.0";
			developmentRegion = en;
			hasScannedForEncodings = 0;
			knownRegions = (
				en,
				Base,
			);
			mainGroup = 667F308C27B88494004B9294;
			productRefGroup = 667F309627B88494004B9294 /* Products */;
			projectDirPath = "";
			projectRoot = "";
			targets = (
				667F309427B88494004B9294 /* NYBest */,
			);
		};
/* End PBXProject section */

/* Begin PBXResourcesBuildPhase section */
		667F309327B88494004B9294 /* Resources */ = {
			isa = PBXResourcesBuildPhase;
			buildActionMask = 2147483647;
			files = (
				667F30A527B88496004B9294 /* LaunchScreen.storyboard in Resources */,
				667F30A227B88496004B9294 /* Assets.xcassets in Resources */,
			);
			runOnlyForDeploymentPostprocessing = 0;
		};
/* End PBXResourcesBuildPhase section */

/* Begin PBXSourcesBuildPhase section */
		667F309127B88494004B9294 /* Sources */ = {
			isa = PBXSourcesBuildPhase;
			buildActionMask = 2147483647;
			files = (
				66604F0227B961FB00979B0F /* GenreView.swift in Sources */,
				665092FD27C165FD00D867B9 /* ImageCache.swift in Sources */,
				6650930127C18AE300D867B9 /* BookListHeaderView.swift in Sources */,
				667F309D27B88494004B9294 /* MoviesViewController.swift in Sources */,
				66604EF927B8ABE400979B0F /* BooksViewModel.swift in Sources */,
				66604EFD27B8B37B00979B0F /* BooksModel.swift in Sources */,
				66604EFB27B8AC2A00979B0F /* NYTBooksAPI.swift in Sources */,
				665092F827C1552900D867B9 /* AsyncImageView.swift in Sources */,
				66604EF727B8A94400979B0F /* NYBestRootViewController.swift in Sources */,
				66BF228E27B8962E00B52410 /* BooksViewController.swift in Sources */,
				667F309927B88494004B9294 /* AppDelegate.swift in Sources */,
				667F309B27B88494004B9294 /* SceneDelegate.swift in Sources */,
				665092F627C1511B00D867B9 /* BookView.swift in Sources */,
			);
			runOnlyForDeploymentPostprocessing = 0;
		};
/* End PBXSourcesBuildPhase section */

/* Begin PBXVariantGroup section */
		667F30A327B88496004B9294 /* LaunchScreen.storyboard */ = {
			isa = PBXVariantGroup;
			children = (
				667F30A427B88496004B9294 /* Base */,
			);
			name = LaunchScreen.storyboard;
			sourceTree = "<group>";
		};
/* End PBXVariantGroup section */

/* Begin XCBuildConfiguration section */
		667F30BD27B88496004B9294 /* Debug */ = {
			isa = XCBuildConfiguration;
			buildSettings = {
				ALWAYS_SEARCH_USER_PATHS = NO;
				CLANG_ANALYZER_NONNULL = YES;
				CLANG_ANALYZER_NUMBER_OBJECT_CONVERSION = YES_AGGRESSIVE;
				CLANG_CXX_LANGUAGE_STANDARD = "gnu++17";
				CLANG_CXX_LIBRARY = "libc++";
				CLANG_ENABLE_MODULES = YES;
				CLANG_ENABLE_OBJC_ARC = YES;
				CLANG_ENABLE_OBJC_WEAK = YES;
				CLANG_WARN_BLOCK_CAPTURE_AUTORELEASING = YES;
				CLANG_WARN_BOOL_CONVERSION = YES;
				CLANG_WARN_COMMA = YES;
				CLANG_WARN_CONSTANT_CONVERSION = YES;
				CLANG_WARN_DEPRECATED_OBJC_IMPLEMENTATIONS = YES;
				CLANG_WARN_DIRECT_OBJC_ISA_USAGE = YES_ERROR;
				CLANG_WARN_DOCUMENTATION_COMMENTS = YES;
				CLANG_WARN_EMPTY_BODY = YES;
				CLANG_WARN_ENUM_CONVERSION = YES;
				CLANG_WARN_INFINITE_RECURSION = YES;
				CLANG_WARN_INT_CONVERSION = YES;
				CLANG_WARN_NON_LITERAL_NULL_CONVERSION = YES;
				CLANG_WARN_OBJC_IMPLICIT_RETAIN_SELF = YES;
				CLANG_WARN_OBJC_LITERAL_CONVERSION = YES;
				CLANG_WARN_OBJC_ROOT_CLASS = YES_ERROR;
				CLANG_WARN_QUOTED_INCLUDE_IN_FRAMEWORK_HEADER = YES;
				CLANG_WARN_RANGE_LOOP_ANALYSIS = YES;
				CLANG_WARN_STRICT_PROTOTYPES = YES;
				CLANG_WARN_SUSPICIOUS_MOVE = YES;
				CLANG_WARN_UNGUARDED_AVAILABILITY = YES_AGGRESSIVE;
				CLANG_WARN_UNREACHABLE_CODE = YES;
				CLANG_WARN__DUPLICATE_METHOD_MATCH = YES;
				COPY_PHASE_STRIP = NO;
				DEBUG_INFORMATION_FORMAT = dwarf;
				ENABLE_STRICT_OBJC_MSGSEND = YES;
				ENABLE_TESTABILITY = YES;
				GCC_C_LANGUAGE_STANDARD = gnu11;
				GCC_DYNAMIC_NO_PIC = NO;
				GCC_NO_COMMON_BLOCKS = YES;
				GCC_OPTIMIZATION_LEVEL = 0;
				GCC_PREPROCESSOR_DEFINITIONS = (
					"DEBUG=1",
					"$(inherited)",
				);
				GCC_WARN_64_TO_32_BIT_CONVERSION = YES;
				GCC_WARN_ABOUT_RETURN_TYPE = YES_ERROR;
				GCC_WARN_UNDECLARED_SELECTOR = YES;
				GCC_WARN_UNINITIALIZED_AUTOS = YES_AGGRESSIVE;
				GCC_WARN_UNUSED_FUNCTION = YES;
				GCC_WARN_UNUSED_VARIABLE = YES;
				INFOPLIST_FILE = /Users/victor.choi/Developer/prj/NYBest/NYBest/Info.plist;
				INFOPLIST_KEY_UILaunchStoryboardName = LaunchScreen;
				IPHONEOS_DEPLOYMENT_TARGET = 15.2;
				MTL_ENABLE_DEBUG_INFO = INCLUDE_SOURCE;
				MTL_FAST_MATH = YES;
				ONLY_ACTIVE_ARCH = YES;
				PRODUCT_BUNDLE_IDENTIFIER = com.victorchoi.nybest;
				SDKROOT = iphoneos;
				SWIFT_ACTIVE_COMPILATION_CONDITIONS = DEBUG;
				SWIFT_OPTIMIZATION_LEVEL = "-Onone";
			};
			name = Debug;
		};
		667F30BE27B88496004B9294 /* Release */ = {
			isa = XCBuildConfiguration;
			buildSettings = {
				ALWAYS_SEARCH_USER_PATHS = NO;
				CLANG_ANALYZER_NONNULL = YES;
				CLANG_ANALYZER_NUMBER_OBJECT_CONVERSION = YES_AGGRESSIVE;
				CLANG_CXX_LANGUAGE_STANDARD = "gnu++17";
				CLANG_CXX_LIBRARY = "libc++";
				CLANG_ENABLE_MODULES = YES;
				CLANG_ENABLE_OBJC_ARC = YES;
				CLANG_ENABLE_OBJC_WEAK = YES;
				CLANG_WARN_BLOCK_CAPTURE_AUTORELEASING = YES;
				CLANG_WARN_BOOL_CONVERSION = YES;
				CLANG_WARN_COMMA = YES;
				CLANG_WARN_CONSTANT_CONVERSION = YES;
				CLANG_WARN_DEPRECATED_OBJC_IMPLEMENTATIONS = YES;
				CLANG_WARN_DIRECT_OBJC_ISA_USAGE = YES_ERROR;
				CLANG_WARN_DOCUMENTATION_COMMENTS = YES;
				CLANG_WARN_EMPTY_BODY = YES;
				CLANG_WARN_ENUM_CONVERSION = YES;
				CLANG_WARN_INFINITE_RECURSION = YES;
				CLANG_WARN_INT_CONVERSION = YES;
				CLANG_WARN_NON_LITERAL_NULL_CONVERSION = YES;
				CLANG_WARN_OBJC_IMPLICIT_RETAIN_SELF = YES;
				CLANG_WARN_OBJC_LITERAL_CONVERSION = YES;
				CLANG_WARN_OBJC_ROOT_CLASS = YES_ERROR;
				CLANG_WARN_QUOTED_INCLUDE_IN_FRAMEWORK_HEADER = YES;
				CLANG_WARN_RANGE_LOOP_ANALYSIS = YES;
				CLANG_WARN_STRICT_PROTOTYPES = YES;
				CLANG_WARN_SUSPICIOUS_MOVE = YES;
				CLANG_WARN_UNGUARDED_AVAILABILITY = YES_AGGRESSIVE;
				CLANG_WARN_UNREACHABLE_CODE = YES;
				CLANG_WARN__DUPLICATE_METHOD_MATCH = YES;
				COPY_PHASE_STRIP = NO;
				DEBUG_INFORMATION_FORMAT = "dwarf-with-dsym";
				ENABLE_NS_ASSERTIONS = NO;
				ENABLE_STRICT_OBJC_MSGSEND = YES;
				GCC_C_LANGUAGE_STANDARD = gnu11;
				GCC_NO_COMMON_BLOCKS = YES;
				GCC_WARN_64_TO_32_BIT_CONVERSION = YES;
				GCC_WARN_ABOUT_RETURN_TYPE = YES_ERROR;
				GCC_WARN_UNDECLARED_SELECTOR = YES;
				GCC_WARN_UNINITIALIZED_AUTOS = YES_AGGRESSIVE;
				GCC_WARN_UNUSED_FUNCTION = YES;
				GCC_WARN_UNUSED_VARIABLE = YES;
				INFOPLIST_FILE = /Users/victor.choi/Developer/prj/NYBest/NYBest/Info.plist;
				INFOPLIST_KEY_UILaunchStoryboardName = LaunchScreen;
				IPHONEOS_DEPLOYMENT_TARGET = 15.2;
				MTL_ENABLE_DEBUG_INFO = NO;
				MTL_FAST_MATH = YES;
				PRODUCT_BUNDLE_IDENTIFIER = com.victorchoi.nybest;
				SDKROOT = iphoneos;
				SWIFT_COMPILATION_MODE = wholemodule;
				SWIFT_OPTIMIZATION_LEVEL = "-O";
				VALIDATE_PRODUCT = YES;
			};
			name = Release;
		};
		667F30C027B88496004B9294 /* Debug */ = {
			isa = XCBuildConfiguration;
			buildSettings = {
				ASSETCATALOG_COMPILER_APPICON_NAME = AppIcon;
				ASSETCATALOG_COMPILER_GLOBAL_ACCENT_COLOR_NAME = AccentColor;
				CODE_SIGN_STYLE = Automatic;
				CURRENT_PROJECT_VERSION = 1;
				DEVELOPMENT_TEAM = TJ4KC76BFC;
				GENERATE_INFOPLIST_FILE = YES;
				INFOPLIST_FILE = /Users/victor.choi/Developer/prj/NYBest/NYBest/Info.plist;
				INFOPLIST_KEY_UIApplicationSupportsIndirectInputEvents = YES;
				INFOPLIST_KEY_UILaunchStoryboardName = LaunchScreen;
				INFOPLIST_KEY_UISupportedInterfaceOrientations_iPad = "UIInterfaceOrientationPortrait UIInterfaceOrientationPortraitUpsideDown UIInterfaceOrientationLandscapeLeft UIInterfaceOrientationLandscapeRight";
				INFOPLIST_KEY_UISupportedInterfaceOrientations_iPhone = "UIInterfaceOrientationPortrait UIInterfaceOrientationLandscapeLeft UIInterfaceOrientationLandscapeRight";
				LD_RUNPATH_SEARCH_PATHS = (
					"$(inherited)",
					"@executable_path/Frameworks",
				);
				MARKETING_VERSION = 1.0;
				PRODUCT_BUNDLE_IDENTIFIER = com.victorchoi.nybest;
				PRODUCT_NAME = "$(TARGET_NAME)";
				SWIFT_EMIT_LOC_STRINGS = YES;
				SWIFT_VERSION = 5.0;
				TARGETED_DEVICE_FAMILY = "1,2";
			};
			name = Debug;
		};
		667F30C127B88496004B9294 /* Release */ = {
			isa = XCBuildConfiguration;
			buildSettings = {
				ASSETCATALOG_COMPILER_APPICON_NAME = AppIcon;
				ASSETCATALOG_COMPILER_GLOBAL_ACCENT_COLOR_NAME = AccentColor;
				CODE_SIGN_STYLE = Automatic;
				CURRENT_PROJECT_VERSION = 1;
				DEVELOPMENT_TEAM = TJ4KC76BFC;
				GENERATE_INFOPLIST_FILE = YES;
				INFOPLIST_FILE = /Users/victor.choi/Developer/prj/NYBest/NYBest/Info.plist;
				INFOPLIST_KEY_UIApplicationSupportsIndirectInputEvents = YES;
				INFOPLIST_KEY_UILaunchStoryboardName = LaunchScreen;
				INFOPLIST_KEY_UISupportedInterfaceOrientations_iPad = "UIInterfaceOrientationPortrait UIInterfaceOrientationPortraitUpsideDown UIInterfaceOrientationLandscapeLeft UIInterfaceOrientationLandscapeRight";
				INFOPLIST_KEY_UISupportedInterfaceOrientations_iPhone = "UIInterfaceOrientationPortrait UIInterfaceOrientationLandscapeLeft UIInterfaceOrientationLandscapeRight";
				LD_RUNPATH_SEARCH_PATHS = (
					"$(inherited)",
					"@executable_path/Frameworks",
				);
				MARKETING_VERSION = 1.0;
				PRODUCT_BUNDLE_IDENTIFIER = com.victorchoi.nybest;
				PRODUCT_NAME = "$(TARGET_NAME)";
				SWIFT_EMIT_LOC_STRINGS = YES;
				SWIFT_VERSION = 5.0;
				TARGETED_DEVICE_FAMILY = "1,2";
			};
			name = Release;
		};
/* End XCBuildConfiguration section */

/* Begin XCConfigurationList section */
		667F309027B88494004B9294 /* Build configuration list for PBXProject "NYBest" */ = {
			isa = XCConfigurationList;
			buildConfigurations = (
				667F30BD27B88496004B9294 /* Debug */,
				667F30BE27B88496004B9294 /* Release */,
			);
			defaultConfigurationIsVisible = 0;
			defaultConfigurationName = Release;
		};
		667F30BF27B88496004B9294 /* Build configuration list for PBXNativeTarget "NYBest" */ = {
			isa = XCConfigurationList;
			buildConfigurations = (
				667F30C027B88496004B9294 /* Debug */,
				667F30C127B88496004B9294 /* Release */,
			);
			defaultConfigurationIsVisible = 0;
			defaultConfigurationName = Release;
		};
/* End XCConfigurationList section */
	};
	rootObject = 667F308D27B88494004B9294 /* Project object */;
}
